// !$*UTF8*$!
{
	archiveVersion = 1;
	classes = {
	};
	objectVersion = 46;
	objects = {

/* Begin PBXBuildFile section */
		D9565DC31403F61C009CA88C /* UIKit.framework in Frameworks */ = {isa = PBXBuildFile; fileRef = D9565DC21403F61C009CA88C /* UIKit.framework */; };
		D9565DC51403F61C009CA88C /* Foundation.framework in Frameworks */ = {isa = PBXBuildFile; fileRef = D9565DC41403F61C009CA88C /* Foundation.framework */; };
		D9565DC71403F61C009CA88C /* CoreGraphics.framework in Frameworks */ = {isa = PBXBuildFile; fileRef = D9565DC61403F61C009CA88C /* CoreGraphics.framework */; };
		D9565DCD1403F61C009CA88C /* InfoPlist.strings in Resources */ = {isa = PBXBuildFile; fileRef = D9565DCB1403F61C009CA88C /* InfoPlist.strings */; };
		D9565DD01403F61C009CA88C /* main.m in Sources */ = {isa = PBXBuildFile; fileRef = D9565DCF1403F61C009CA88C /* main.m */; };
		D9565DD31403F61C009CA88C /* DateExamplesAppDelegate.m in Sources */ = {isa = PBXBuildFile; fileRef = D9565DD21403F61C009CA88C /* DateExamplesAppDelegate.m */; };
		D9565DD61403F61C009CA88C /* MainWindow.xib in Resources */ = {isa = PBXBuildFile; fileRef = D9565DD41403F61C009CA88C /* MainWindow.xib */; };
		D9565DD91403F61C009CA88C /* DateExamplesViewController.m in Sources */ = {isa = PBXBuildFile; fileRef = D9565DD81403F61C009CA88C /* DateExamplesViewController.m */; };
		D9565DDC1403F61C009CA88C /* DateExamplesViewController.xib in Resources */ = {isa = PBXBuildFile; fileRef = D9565DDA1403F61C009CA88C /* DateExamplesViewController.xib */; };
/* End PBXBuildFile section */

/* Begin PBXFileReference section */
		D9565DBE1403F61C009CA88C /* DateExamples.app */ = {isa = PBXFileReference; explicitFileType = wrapper.application; includeInIndex = 0; path = DateExamples.app; sourceTree = BUILT_PRODUCTS_DIR; };
		D9565DC21403F61C009CA88C /* UIKit.framework */ = {isa = PBXFileReference; lastKnownFileType = wrapper.framework; name = UIKit.framework; path = System/Library/Frameworks/UIKit.framework; sourceTree = SDKROOT; };
		D9565DC41403F61C009CA88C /* Foundation.framework */ = {isa = PBXFileReference; lastKnownFileType = wrapper.framework; name = Foundation.framework; path = System/Library/Frameworks/Foundation.framework; sourceTree = SDKROOT; };
		D9565DC61403F61C009CA88C /* CoreGraphics.framework */ = {isa = PBXFileReference; lastKnownFileType = wrapper.framework; name = CoreGraphics.framework; path = System/Library/Frameworks/CoreGraphics.framework; sourceTree = SDKROOT; };
		D9565DCA1403F61C009CA88C /* DateExamples-Info.plist */ = {isa = PBXFileReference; lastKnownFileType = text.plist.xml; path = "DateExamples-Info.plist"; sourceTree = "<group>"; };
		D9565DCC1403F61C009CA88C /* en */ = {isa = PBXFileReference; lastKnownFileType = text.plist.strings; name = en; path = en.lproj/InfoPlist.strings; sourceTree = "<group>"; };
		D9565DCE1403F61C009CA88C /* DateExamples-Prefix.pch */ = {isa = PBXFileReference; lastKnownFileType = sourcecode.c.h; path = "DateExamples-Prefix.pch"; sourceTree = "<group>"; };
		D9565DCF1403F61C009CA88C /* main.m */ = {isa = PBXFileReference; lastKnownFileType = sourcecode.c.objc; path = main.m; sourceTree = "<group>"; };
		D9565DD11403F61C009CA88C /* DateExamplesAppDelegate.h */ = {isa = PBXFileReference; lastKnownFileType = sourcecode.c.h; path = DateExamplesAppDelegate.h; sourceTree = "<group>"; };
		D9565DD21403F61C009CA88C /* DateExamplesAppDelegate.m */ = {isa = PBXFileReference; lastKnownFileType = sourcecode.c.objc; path = DateExamplesAppDelegate.m; sourceTree = "<group>"; };
		D9565DD51403F61C009CA88C /* en */ = {isa = PBXFileReference; lastKnownFileType = file.xib; name = en; path = en.lproj/MainWindow.xib; sourceTree = "<group>"; };
		D9565DD71403F61C009CA88C /* DateExamplesViewController.h */ = {isa = PBXFileReference; lastKnownFileType = sourcecode.c.h; path = DateExamplesViewController.h; sourceTree = "<group>"; };
		D9565DD81403F61C009CA88C /* DateExamplesViewController.m */ = {isa = PBXFileReference; lastKnownFileType = sourcecode.c.objc; path = DateExamplesViewController.m; sourceTree = "<group>"; };
		D9565DDB1403F61C009CA88C /* en */ = {isa = PBXFileReference; lastKnownFileType = file.xib; name = en; path = en.lproj/DateExamplesViewController.xib; sourceTree = "<group>"; };
/* End PBXFileReference section */

/* Begin PBXFrameworksBuildPhase section */
		D9565DBB1403F61C009CA88C /* Frameworks */ = {
			isa = PBXFrameworksBuildPhase;
			buildActionMask = 2147483647;
			files = (
				D9565DC31403F61C009CA88C /* UIKit.framework in Frameworks */,
				D9565DC51403F61C009CA88C /* Foundation.framework in Frameworks */,
				D9565DC71403F61C009CA88C /* CoreGraphics.framework in Frameworks */,
			);
			runOnlyForDeploymentPostprocessing = 0;
		};
/* End PBXFrameworksBuildPhase section */

/* Begin PBXGroup section */
		D9565DB31403F61C009CA88C = {
			isa = PBXGroup;
			children = (
				D9565DC81403F61C009CA88C /* DateExamples */,
				D9565DC11403F61C009CA88C /* Frameworks */,
				D9565DBF1403F61C009CA88C /* Products */,
			);
			sourceTree = "<group>";
		};
		D9565DBF1403F61C009CA88C /* Products */ = {
			isa = PBXGroup;
			children = (
				D9565DBE1403F61C009CA88C /* DateExamples.app */,
			);
			name = Products;
			sourceTree = "<group>";
		};
		D9565DC11403F61C009CA88C /* Frameworks */ = {
			isa = PBXGroup;
			children = (
				D9565DC21403F61C009CA88C /* UIKit.framework */,
				D9565DC41403F61C009CA88C /* Foundation.framework */,
				D9565DC61403F61C009CA88C /* CoreGraphics.framework */,
			);
			name = Frameworks;
			sourceTree = "<group>";
		};
		D9565DC81403F61C009CA88C /* DateExamples */ = {
			isa = PBXGroup;
			children = (
				D9565DD11403F61C009CA88C /* DateExamplesAppDelegate.h */,
				D9565DD21403F61C009CA88C /* DateExamplesAppDelegate.m */,
				D9565DD41403F61C009CA88C /* MainWindow.xib */,
				D9565DD71403F61C009CA88C /* DateExamplesViewController.h */,
				D9565DD81403F61C009CA88C /* DateExamplesViewController.m */,
				D9565DDA1403F61C009CA88C /* DateExamplesViewController.xib */,
				D9565DC91403F61C009CA88C /* Supporting Files */,
			);
			path = DateExamples;
			sourceTree = "<group>";
		};
		D9565DC91403F61C009CA88C /* Supporting Files */ = {
			isa = PBXGroup;
			children = (
				D9565DCA1403F61C009CA88C /* DateExamples-Info.plist */,
				D9565DCB1403F61C009CA88C /* InfoPlist.strings */,
				D9565DCE1403F61C009CA88C /* DateExamples-Prefix.pch */,
				D9565DCF1403F61C009CA88C /* main.m */,
			);
			name = "Supporting Files";
			sourceTree = "<group>";
		};
/* End PBXGroup section */

/* Begin PBXNativeTarget section */
		D9565DBD1403F61C009CA88C /* DateExamples */ = {
			isa = PBXNativeTarget;
			buildConfigurationList = D9565DDF1403F61C009CA88C /* Build configuration list for PBXNativeTarget "DateExamples" */;
			buildPhases = (
				D9565DBA1403F61C009CA88C /* Sources */,
				D9565DBB1403F61C009CA88C /* Frameworks */,
				D9565DBC1403F61C009CA88C /* Resources */,
			);
			buildRules = (
			);
			dependencies = (
			);
			name = DateExamples;
			productName = DateExamples;
			productReference = D9565DBE1403F61C009CA88C /* DateExamples.app */;
			productType = "com.apple.product-type.application";
		};
/* End PBXNativeTarget section */

/* Begin PBXProject section */
		D9565DB51403F61C009CA88C /* Project object */ = {
			isa = PBXProject;
			buildConfigurationList = D9565DB81403F61C009CA88C /* Build configuration list for PBXProject "DateExamples" */;
			compatibilityVersion = "Xcode 3.2";
			developmentRegion = English;
			hasScannedForEncodings = 0;
			knownRegions = (
				en,
			);
			mainGroup = D9565DB31403F61C009CA88C;
			productRefGroup = D9565DBF1403F61C009CA88C /* Products */;
			projectDirPath = "";
			projectRoot = "";
			targets = (
				D9565DBD1403F61C009CA88C /* DateExamples */,
			);
		};
/* End PBXProject section */

/* Begin PBXResourcesBuildPhase section */
		D9565DBC1403F61C009CA88C /* Resources */ = {
			isa = PBXResourcesBuildPhase;
			buildActionMask = 2147483647;
			files = (
				D9565DCD1403F61C009CA88C /* InfoPlist.strings in Resources */,
				D9565DD61403F61C009CA88C /* MainWindow.xib in Resources */,
				D9565DDC1403F61C009CA88C /* DateExamplesViewController.xib in Resources */,
			);
			runOnlyForDeploymentPostprocessing = 0;
		};
/* End PBXResourcesBuildPhase section */

/* Begin PBXSourcesBuildPhase section */
		D9565DBA1403F61C009CA88C /* Sources */ = {
			isa = PBXSourcesBuildPhase;
			buildActionMask = 2147483647;
			files = (
				D9565DD01403F61C009CA88C /* main.m in Sources */,
				D9565DD31403F61C009CA88C /* DateExamplesAppDelegate.m in Sources */,
				D9565DD91403F61C009CA88C /* DateExamplesViewController.m in Sources */,
			);
			runOnlyForDeploymentPostprocessing = 0;
		};
/* End PBXSourcesBuildPhase section */

/* Begin PBXVariantGroup section */
		D9565DCB1403F61C009CA88C /* InfoPlist.strings */ = {
			isa = PBXVariantGroup;
			children = (
				D9565DCC1403F61C009CA88C /* en */,
			);
			name = InfoPlist.strings;
			sourceTree = "<group>";
		};
		D9565DD41403F61C009CA88C /* MainWindow.xib */ = {
			isa = PBXVariantGroup;
			children = (
				D9565DD51403F61C009CA88C /* en */,
			);
			name = MainWindow.xib;
			sourceTree = "<group>";
		};
		D9565DDA1403F61C009CA88C /* DateExamplesViewController.xib */ = {
			isa = PBXVariantGroup;
			children = (
				D9565DDB1403F61C009CA88C /* en */,
			);
			name = DateExamplesViewController.xib;
			sourceTree = "<group>";
		};
/* End PBXVariantGroup section */

/* Begin XCBuildConfiguration section */
		D9565DDD1403F61C009CA88C /* Debug */ = {
			isa = XCBuildConfiguration;
			buildSettings = {
				ARCHS = "$(ARCHS_STANDARD_32_BIT)";
				"CODE_SIGN_IDENTITY[sdk=iphoneos*]" = "iPhone Developer";
				GCC_C_LANGUAGE_STANDARD = gnu99;
				GCC_OPTIMIZATION_LEVEL = 0;
				GCC_PREPROCESSOR_DEFINITIONS = DEBUG;
				GCC_SYMBOLS_PRIVATE_EXTERN = NO;
				GCC_VERSION = com.apple.compilers.llvmgcc42;
				GCC_WARN_ABOUT_RETURN_TYPE = YES;
				GCC_WARN_UNUSED_VARIABLE = YES;
				IPHONEOS_DEPLOYMENT_TARGET = 4.3;
				SDKROOT = iphoneos;
			};
			name = Debug;
		};
		D9565DDE1403F61C009CA88C /* Release */ = {
			isa = XCBuildConfiguration;
			buildSettings = {
				ARCHS = "$(ARCHS_STANDARD_32_BIT)";
				"CODE_SIGN_IDENTITY[sdk=iphoneos*]" = "iPhone Developer";
				GCC_C_LANGUAGE_STANDARD = gnu99;
				GCC_VERSION = com.apple.compilers.llvmgcc42;
				GCC_WARN_ABOUT_RETURN_TYPE = YES;
				GCC_WARN_UNUSED_VARIABLE = YES;
				IPHONEOS_DEPLOYMENT_TARGET = 4.3;
				OTHER_CFLAGS = "-DNS_BLOCK_ASSERTIONS=1";
				SDKROOT = iphoneos;
			};
			name = Release;
		};
		D9565DE01403F61C009CA88C /* Debug */ = {
			isa = XCBuildConfiguration;
			buildSettings = {
				ALWAYS_SEARCH_USER_PATHS = NO;
				COPY_PHASE_STRIP = NO;
				GCC_DYNAMIC_NO_PIC = NO;
				GCC_PRECOMPILE_PREFIX_HEADER = YES;
				GCC_PREFIX_HEADER = "DateExamples/DateExamples-Prefix.pch";
				INFOPLIST_FILE = "DateExamples/DateExamples-Info.plist";
				PRODUCT_NAME = "$(TARGET_NAME)";
				WRAPPER_EXTENSION = app;
			};
			name = Debug;
		};
		D9565DE11403F61C009CA88C /* Release */ = {
			isa = XCBuildConfiguration;
			buildSettings = {
				ALWAYS_SEARCH_USER_PATHS = NO;
				COPY_PHASE_STRIP = YES;
				GCC_PRECOMPILE_PREFIX_HEADER = YES;
				GCC_PREFIX_HEADER = "DateExamples/DateExamples-Prefix.pch";
				INFOPLIST_FILE = "DateExamples/DateExamples-Info.plist";
				PRODUCT_NAME = "$(TARGET_NAME)";
				VALIDATE_PRODUCT = YES;
				WRAPPER_EXTENSION = app;
			};
			name = Release;
		};
/* End XCBuildConfiguration section */

/* Begin XCConfigurationList section */
		D9565DB81403F61C009CA88C /* Build configuration list for PBXProject "DateExamples" */ = {
			isa = XCConfigurationList;
			buildConfigurations = (
				D9565DDD1403F61C009CA88C /* Debug */,
				D9565DDE1403F61C009CA88C /* Release */,
			);
			defaultConfigurationIsVisible = 0;
			defaultConfigurationName = Release;
		};
		D9565DDF1403F61C009CA88C /* Build configuration list for PBXNativeTarget "DateExamples" */ = {
			isa = XCConfigurationList;
			buildConfigurations = (
				D9565DE01403F61C009CA88C /* Debug */,
				D9565DE11403F61C009CA88C /* Release */,
			);
			defaultConfigurationIsVisible = 0;
		};
/* End XCConfigurationList section */
	};
	rootObject = D9565DB51403F61C009CA88C /* Project object */;
}
